// !$*UTF8*$!
{
	archiveVersion = 1;
	classes = {
	};
	objectVersion = 48;
	objects = {

/* Begin PBXBuildFile section */
		9856BE6B47B790B9F250BD5D /* libPods-OCTools.a in Frameworks */ = {isa = PBXBuildFile; fileRef = 393C4977F2BB9FD16B5FF6E1 /* libPods-OCTools.a */; };
		E183D16220AD205F00FF986C /* AppDelegate.m in Sources */ = {isa = PBXBuildFile; fileRef = E183D16120AD205F00FF986C /* AppDelegate.m */; };
		E183D16520AD205F00FF986C /* ViewController.m in Sources */ = {isa = PBXBuildFile; fileRef = E183D16420AD205F00FF986C /* ViewController.m */; };
		E183D16A20AD205F00FF986C /* Assets.xcassets in Resources */ = {isa = PBXBuildFile; fileRef = E183D16920AD205F00FF986C /* Assets.xcassets */; };
		E183D16D20AD205F00FF986C /* LaunchScreen.storyboard in Resources */ = {isa = PBXBuildFile; fileRef = E183D16B20AD205F00FF986C /* LaunchScreen.storyboard */; };
		E183D17020AD205F00FF986C /* main.m in Sources */ = {isa = PBXBuildFile; fileRef = E183D16F20AD205F00FF986C /* main.m */; };
/* End PBXBuildFile section */

/* Begin PBXFileReference section */
		393C4977F2BB9FD16B5FF6E1 /* libPods-OCTools.a */ = {isa = PBXFileReference; explicitFileType = archive.ar; includeInIndex = 0; path = "libPods-OCTools.a"; sourceTree = BUILT_PRODUCTS_DIR; };
		632D65CDD0847B11CBBB4614 /* Pods-OCTools.debug.xcconfig */ = {isa = PBXFileReference; includeInIndex = 1; lastKnownFileType = text.xcconfig; name = "Pods-OCTools.debug.xcconfig"; path = "Pods/Target Support Files/Pods-OCTools/Pods-OCTools.debug.xcconfig"; sourceTree = "<group>"; };
		BFB90EC66E23D9521A7DEE78 /* Pods-OCTools.release.xcconfig */ = {isa = PBXFileReference; includeInIndex = 1; lastKnownFileType = text.xcconfig; name = "Pods-OCTools.release.xcconfig"; path = "Pods/Target Support Files/Pods-OCTools/Pods-OCTools.release.xcconfig"; sourceTree = "<group>"; };
		E183D15D20AD205F00FF986C /* OCTools.app */ = {isa = PBXFileReference; explicitFileType = wrapper.application; includeInIndex = 0; path = OCTools.app; sourceTree = BUILT_PRODUCTS_DIR; };
		E183D16020AD205F00FF986C /* AppDelegate.h */ = {isa = PBXFileReference; lastKnownFileType = sourcecode.c.h; path = AppDelegate.h; sourceTree = "<group>"; };
		E183D16120AD205F00FF986C /* AppDelegate.m */ = {isa = PBXFileReference; lastKnownFileType = sourcecode.c.objc; path = AppDelegate.m; sourceTree = "<group>"; };
		E183D16320AD205F00FF986C /* ViewController.h */ = {isa = PBXFileReference; lastKnownFileType = sourcecode.c.h; path = ViewController.h; sourceTree = "<group>"; };
		E183D16420AD205F00FF986C /* ViewController.m */ = {isa = PBXFileReference; lastKnownFileType = sourcecode.c.objc; path = ViewController.m; sourceTree = "<group>"; };
		E183D16920AD205F00FF986C /* Assets.xcassets */ = {isa = PBXFileReference; lastKnownFileType = folder.assetcatalog; path = Assets.xcassets; sourceTree = "<group>"; };
		E183D16C20AD205F00FF986C /* Base */ = {isa = PBXFileReference; lastKnownFileType = file.storyboard; name = Base; path = Base.lproj/LaunchScreen.storyboard; sourceTree = "<group>"; };
		E183D16E20AD205F00FF986C /* Info.plist */ = {isa = PBXFileReference; lastKnownFileType = text.plist.xml; path = Info.plist; sourceTree = "<group>"; };
		E183D16F20AD205F00FF986C /* main.m */ = {isa = PBXFileReference; lastKnownFileType = sourcecode.c.objc; path = main.m; sourceTree = "<group>"; };
/* End PBXFileReference section */

/* Begin PBXFrameworksBuildPhase section */
		E183D15A20AD205F00FF986C /* Frameworks */ = {
			isa = PBXFrameworksBuildPhase;
			buildActionMask = 2147483647;
			files = (
				9856BE6B47B790B9F250BD5D /* libPods-OCTools.a in Frameworks */,
			);
			runOnlyForDeploymentPostprocessing = 0;
		};
/* End PBXFrameworksBuildPhase section */

/* Begin PBXGroup section */
		35B3E3120C6AC889C5F228C5 /* Frameworks */ = {
			isa = PBXGroup;
			children = (
				393C4977F2BB9FD16B5FF6E1 /* libPods-OCTools.a */,
			);
			name = Frameworks;
			sourceTree = "<group>";
		};
		9E59EC3935286B329969A2C5 /* Pods */ = {
			isa = PBXGroup;
			children = (
				632D65CDD0847B11CBBB4614 /* Pods-OCTools.debug.xcconfig */,
				BFB90EC66E23D9521A7DEE78 /* Pods-OCTools.release.xcconfig */,
			);
			name = Pods;
			sourceTree = "<group>";
		};
		E183D15420AD205F00FF986C = {
			isa = PBXGroup;
			children = (
				E183D15F20AD205F00FF986C /* OCTools */,
				E183D15E20AD205F00FF986C /* Products */,
				9E59EC3935286B329969A2C5 /* Pods */,
				35B3E3120C6AC889C5F228C5 /* Frameworks */,
			);
			sourceTree = "<group>";
		};
		E183D15E20AD205F00FF986C /* Products */ = {
			isa = PBXGroup;
			children = (
				E183D15D20AD205F00FF986C /* OCTools.app */,
			);
			name = Products;
			sourceTree = "<group>";
		};
		E183D15F20AD205F00FF986C /* OCTools */ = {
			isa = PBXGroup;
			children = (
				E183D16020AD205F00FF986C /* AppDelegate.h */,
				E183D16120AD205F00FF986C /* AppDelegate.m */,
				E183D16320AD205F00FF986C /* ViewController.h */,
				E183D16420AD205F00FF986C /* ViewController.m */,
				E183D17620AD209B00FF986C /* Other */,
			);
			path = OCTools;
			sourceTree = "<group>";
		};
		E183D17620AD209B00FF986C /* Other */ = {
			isa = PBXGroup;
			children = (
				E183D16920AD205F00FF986C /* Assets.xcassets */,
				E183D16B20AD205F00FF986C /* LaunchScreen.storyboard */,
				E183D16E20AD205F00FF986C /* Info.plist */,
				E183D16F20AD205F00FF986C /* main.m */,
			);
			path = Other;
			sourceTree = "<group>";
		};
/* End PBXGroup section */

/* Begin PBXNativeTarget section */
		E183D15C20AD205F00FF986C /* OCTools */ = {
			isa = PBXNativeTarget;
			buildConfigurationList = E183D17320AD205F00FF986C /* Build configuration list for PBXNativeTarget "OCTools" */;
			buildPhases = (
				853F3CBE8D6BF6345461614C /* [CP] Check Pods Manifest.lock */,
				E183D15920AD205F00FF986C /* Sources */,
				E183D15A20AD205F00FF986C /* Frameworks */,
				E183D15B20AD205F00FF986C /* Resources */,
			);
			buildRules = (
			);
			dependencies = (
			);
			name = OCTools;
			productName = OCTools;
			productReference = E183D15D20AD205F00FF986C /* OCTools.app */;
			productType = "com.apple.product-type.application";
		};
/* End PBXNativeTarget section */

/* Begin PBXProject section */
		E183D15520AD205F00FF986C /* Project object */ = {
			isa = PBXProject;
			attributes = {
				LastUpgradeCheck = 0920;
				ORGANIZATIONNAME = ZSM;
				TargetAttributes = {
					E183D15C20AD205F00FF986C = {
						CreatedOnToolsVersion = 9.2;
						ProvisioningStyle = Automatic;
					};
				};
			};
			buildConfigurationList = E183D15820AD205F00FF986C /* Build configuration list for PBXProject "OCTools" */;
			compatibilityVersion = "Xcode 8.0";
			developmentRegion = en;
			hasScannedForEncodings = 0;
			knownRegions = (
				en,
				Base,
			);
			mainGroup = E183D15420AD205F00FF986C;
			productRefGroup = E183D15E20AD205F00FF986C /* Products */;
			projectDirPath = "";
			projectRoot = "";
			targets = (
				E183D15C20AD205F00FF986C /* OCTools */,
			);
		};
/* End PBXProject section */

/* Begin PBXResourcesBuildPhase section */
		E183D15B20AD205F00FF986C /* Resources */ = {
			isa = PBXResourcesBuildPhase;
			buildActionMask = 2147483647;
			files = (
				E183D16D20AD205F00FF986C /* LaunchScreen.storyboard in Resources */,
				E183D16A20AD205F00FF986C /* Assets.xcassets in Resources */,
			);
			runOnlyForDeploymentPostprocessing = 0;
		};
/* End PBXResourcesBuildPhase section */

/* Begin PBXShellScriptBuildPhase section */
		853F3CBE8D6BF6345461614C /* [CP] Check Pods Manifest.lock */ = {
			isa = PBXShellScriptBuildPhase;
			buildActionMask = 2147483647;
			files = (
			);
			inputPaths = (
				"${PODS_PODFILE_DIR_PATH}/Podfile.lock",
				"${PODS_ROOT}/Manifest.lock",
			);
			name = "[CP] Check Pods Manifest.lock";
			outputPaths = (
				"$(DERIVED_FILE_DIR)/Pods-OCTools-checkManifestLockResult.txt",
			);
			runOnlyForDeploymentPostprocessing = 0;
			shellPath = /bin/sh;
			shellScript = "diff \"${PODS_PODFILE_DIR_PATH}/Podfile.lock\" \"${PODS_ROOT}/Manifest.lock\" > /dev/null\nif [ $? != 0 ] ; then\n    # print error to STDERR\n    echo \"error: The sandbox is not in sync with the Podfile.lock. Run 'pod install' or update your CocoaPods installation.\" >&2\n    exit 1\nfi\n# This output is used by Xcode 'outputs' to avoid re-running this script phase.\necho \"SUCCESS\" > \"${SCRIPT_OUTPUT_FILE_0}\"\n";
			showEnvVarsInLog = 0;
		};
/* End PBXShellScriptBuildPhase section */

/* Begin PBXSourcesBuildPhase section */
		E183D15920AD205F00FF986C /* Sources */ = {
			isa = PBXSourcesBuildPhase;
			buildActionMask = 2147483647;
			files = (
				E183D16520AD205F00FF986C /* ViewController.m in Sources */,
				E183D17020AD205F00FF986C /* main.m in Sources */,
				E183D16220AD205F00FF986C /* AppDelegate.m in Sources */,
			);
			runOnlyForDeploymentPostprocessing = 0;
		};
/* End PBXSourcesBuildPhase section */

/* Begin PBXVariantGroup section */
		E183D16B20AD205F00FF986C /* LaunchScreen.storyboard */ = {
			isa = PBXVariantGroup;
			children = (
				E183D16C20AD205F00FF986C /* Base */,
			);
			name = LaunchScreen.storyboard;
			sourceTree = "<group>";
		};
/* End PBXVariantGroup section */

/* Begin XCBuildConfiguration section */
		E183D17120AD205F00FF986C /* Debug */ = {
			isa = XCBuildConfiguration;
			buildSettings = {
				ALWAYS_SEARCH_USER_PATHS = NO;
				CLANG_ANALYZER_NONNULL = YES;
				CLANG_ANALYZER_NUMBER_OBJECT_CONVERSION = YES_AGGRESSIVE;
				CLANG_CXX_LANGUAGE_STANDARD = "gnu++14";
				CLANG_CXX_LIBRARY = "libc++";
				CLANG_ENABLE_MODULES = YES;
				CLANG_ENABLE_OBJC_ARC = YES;
				CLANG_WARN_BLOCK_CAPTURE_AUTORELEASING = YES;
				CLANG_WARN_BOOL_CONVERSION = YES;
				CLANG_WARN_COMMA = YES;
				CLANG_WARN_CONSTANT_CONVERSION = YES;
				CLANG_WARN_DIRECT_OBJC_ISA_USAGE = YES_ERROR;
				CLANG_WARN_DOCUMENTATION_COMMENTS = YES;
				CLANG_WARN_EMPTY_BODY = YES;
				CLANG_WARN_ENUM_CONVERSION = YES;
				CLANG_WARN_INFINITE_RECURSION = YES;
				CLANG_WARN_INT_CONVERSION = YES;
				CLANG_WARN_NON_LITERAL_NULL_CONVERSION = YES;
				CLANG_WARN_OBJC_LITERAL_CONVERSION = YES;
				CLANG_WARN_OBJC_ROOT_CLASS = YES_ERROR;
				CLANG_WARN_RANGE_LOOP_ANALYSIS = YES;
				CLANG_WARN_STRICT_PROTOTYPES = YES;
				CLANG_WARN_SUSPICIOUS_MOVE = YES;
				CLANG_WARN_UNGUARDED_AVAILABILITY = YES_AGGRESSIVE;
				CLANG_WARN_UNREACHABLE_CODE = YES;
				CLANG_WARN__DUPLICATE_METHOD_MATCH = YES;
				CODE_SIGN_IDENTITY = "iPhone Developer";
				COPY_PHASE_STRIP = NO;
				DEBUG_INFORMATION_FORMAT = dwarf;
				ENABLE_STRICT_OBJC_MSGSEND = YES;
				ENABLE_TESTABILITY = YES;
				GCC_C_LANGUAGE_STANDARD = gnu11;
				GCC_DYNAMIC_NO_PIC = NO;
				GCC_NO_COMMON_BLOCKS = YES;
				GCC_OPTIMIZATION_LEVEL = 0;
				GCC_PREPROCESSOR_DEFINITIONS = (
					"DEBUG=1",
					"$(inherited)",
				);
				GCC_WARN_64_TO_32_BIT_CONVERSION = YES;
				GCC_WARN_ABOUT_RETURN_TYPE = YES_ERROR;
				GCC_WARN_UNDECLARED_SELECTOR = YES;
				GCC_WARN_UNINITIALIZED_AUTOS = YES_AGGRESSIVE;
				GCC_WARN_UNUSED_FUNCTION = YES;
				GCC_WARN_UNUSED_VARIABLE = YES;
				IPHONEOS_DEPLOYMENT_TARGET = 8.0;
				MTL_ENABLE_DEBUG_INFO = YES;
				ONLY_ACTIVE_ARCH = YES;
				SDKROOT = iphoneos;
			};
			name = Debug;
		};
		E183D17220AD205F00FF986C /* Release */ = {
			isa = XCBuildConfiguration;
			buildSettings = {
				ALWAYS_SEARCH_USER_PATHS = NO;
				CLANG_ANALYZER_NONNULL = YES;
				CLANG_ANALYZER_NUMBER_OBJECT_CONVERSION = YES_AGGRESSIVE;
				CLANG_CXX_LANGUAGE_STANDARD = "gnu++14";
				CLANG_CXX_LIBRARY = "libc++";
				CLANG_ENABLE_MODULES = YES;
				CLANG_ENABLE_OBJC_ARC = YES;
				CLANG_WARN_BLOCK_CAPTURE_AUTORELEASING = YES;
				CLANG_WARN_BOOL_CONVERSION = YES;
				CLANG_WARN_COMMA = YES;
				CLANG_WARN_CONSTANT_CONVERSION = YES;
				CLANG_WARN_DIRECT_OBJC_ISA_USAGE = YES_ERROR;
				CLANG_WARN_DOCUMENTATION_COMMENTS = YES;
				CLANG_WARN_EMPTY_BODY = YES;
				CLANG_WARN_ENUM_CONVERSION = YES;
				CLANG_WARN_INFINITE_RECURSION = YES;
				CLANG_WARN_INT_CONVERSION = YES;
				CLANG_WARN_NON_LITERAL_NULL_CONVERSION = YES;
				CLANG_WARN_OBJC_LITERAL_CONVERSION = YES;
				CLANG_WARN_OBJC_ROOT_CLASS = YES_ERROR;
				CLANG_WARN_RANGE_LOOP_ANALYSIS = YES;
				CLANG_WARN_STRICT_PROTOTYPES = YES;
				CLANG_WARN_SUSPICIOUS_MOVE = YES;
				CLANG_WARN_UNGUARDED_AVAILABILITY = YES_AGGRESSIVE;
				CLANG_WARN_UNREACHABLE_CODE = YES;
				CLANG_WARN__DUPLICATE_METHOD_MATCH = YES;
				CODE_SIGN_IDENTITY = "iPhone Developer";
				COPY_PHASE_STRIP = NO;
				DEBUG_INFORMATION_FORMAT = "dwarf-with-dsym";
				ENABLE_NS_ASSERTIONS = NO;
				ENABLE_STRICT_OBJC_MSGSEND = YES;
				GCC_C_LANGUAGE_STANDARD = gnu11;
				GCC_NO_COMMON_BLOCKS = YES;
				GCC_WARN_64_TO_32_BIT_CONVERSION = YES;
				GCC_WARN_ABOUT_RETURN_TYPE = YES_ERROR;
				GCC_WARN_UNDECLARED_SELECTOR = YES;
				GCC_WARN_UNINITIALIZED_AUTOS = YES_AGGRESSIVE;
				GCC_WARN_UNUSED_FUNCTION = YES;
				GCC_WARN_UNUSED_VARIABLE = YES;
				IPHONEOS_DEPLOYMENT_TARGET = 8.0;
				MTL_ENABLE_DEBUG_INFO = NO;
				SDKROOT = iphoneos;
				VALIDATE_PRODUCT = YES;
			};
			name = Release;
		};
		E183D17420AD205F00FF986C /* Debug */ = {
			isa = XCBuildConfiguration;
			baseConfigurationReference = 632D65CDD0847B11CBBB4614 /* Pods-OCTools.debug.xcconfig */;
			buildSettings = {
				ASSETCATALOG_COMPILER_APPICON_NAME = AppIcon;
				CODE_SIGN_STYLE = Automatic;
				DEVELOPMENT_TEAM = 5ZB67NUCDZ;
				INFOPLIST_FILE = "$(SRCROOT)/OCTools/Other/Info.plist";
				IPHONEOS_DEPLOYMENT_TARGET = 8.0;
				LD_RUNPATH_SEARCH_PATHS = "$(inherited) @executable_path/Frameworks";
				PRODUCT_BUNDLE_IDENTIFIER = com.aiyi.OCTools;
				PRODUCT_NAME = "$(TARGET_NAME)";
				TARGETED_DEVICE_FAMILY = "1,2";
			};
			name = Debug;
		};
		E183D17520AD205F00FF986C /* Release */ = {
			isa = XCBuildConfiguration;
			baseConfigurationReference = BFB90EC66E23D9521A7DEE78 /* Pods-OCTools.release.xcconfig */;
			buildSettings = {
				ASSETCATALOG_COMPILER_APPICON_NAME = AppIcon;
				CODE_SIGN_STYLE = Automatic;
				DEVELOPMENT_TEAM = 5ZB67NUCDZ;
				INFOPLIST_FILE = "$(SRCROOT)/OCTools/Other/Info.plist";
				IPHONEOS_DEPLOYMENT_TARGET = 8.0;
				LD_RUNPATH_SEARCH_PATHS = "$(inherited) @executable_path/Frameworks";
				PRODUCT_BUNDLE_IDENTIFIER = com.aiyi.OCTools;
				PRODUCT_NAME = "$(TARGET_NAME)";
				TARGETED_DEVICE_FAMILY = "1,2";
			};
			name = Release;
		};
/* End XCBuildConfiguration section */

/* Begin XCConfigurationList section */
		E183D15820AD205F00FF986C /* Build configuration list for PBXProject "OCTools" */ = {
			isa = XCConfigurationList;
			buildConfigurations = (
				E183D17120AD205F00FF986C /* Debug */,
				E183D17220AD205F00FF986C /* Release */,
			);
			defaultConfigurationIsVisible = 0;
			defaultConfigurationName = Release;
		};
		E183D17320AD205F00FF986C /* Build configuration list for PBXNativeTarget "OCTools" */ = {
			isa = XCConfigurationList;
			buildConfigurations = (
				E183D17420AD205F00FF986C /* Debug */,
				E183D17520AD205F00FF986C /* Release */,
			);
			defaultConfigurationIsVisible = 0;
			defaultConfigurationName = Release;
		};
/* End XCConfigurationList section */
	};
	rootObject = E183D15520AD205F00FF986C /* Project object */;
}
